dependencies:
- name: otter-go
  repository: ""
  version: 0.1.0
- name: otter-go-scheduler
  repository: ""
  version: 0.1.0
- name: finch
  repository: ""
  version: 0.1.0
- name: heron
  repository: ""
  version: 0.1.0
- name: magpie
  repository: ""
  version: 0.1.0
- name: beagle
  repository: ""
  version: 0.1.0
- name: badger
  repository: ""
  version: 0.1.0
digest: sha256:0bd714424cea2a2efa2f32d45c23a147fed1601273b8bb77a0030a06585ff267
generated: "2026-06-03T08:13:21.425438-05:00"
